
Microsoft Visual Studio Solution File, Format Version 12.00
# Visual Studio Version 17
VisualStudioVersion = 17.1.32210.238
MinimumVisualStudioVersion = 10.0.40219.1
Project("{FAE04EC0-301F-11D3-BF4B-00C04F79EFBC}") = "ManyToMany", "ManyToMany\ManyToMany.csproj", "{700F559A-E2BC-46D1-BA52-43B48B7FA71C}"
EndProject
Project("{FAE04EC0-301F-11D3-BF4B-00C04F79EFBC}") = "DataAccess", "DataAccess\DataAccess.csproj", "{6493AB7D-FC37-4227-97C0-AADBD52F0DD8}"
EndProject
Global
	GlobalSection(SolutionConfigurationPlatforms) = preSolution
		Debug|Any CPU = Debug|Any CPU
		Release|Any CPU = Release|Any CPU
	EndGlobalSection
	GlobalSection(ProjectConfigurationPlatforms) = postSolution
		{700F559A-E2BC-46D1-BA52-43B48B7FA71C}.Debug|Any CPU.ActiveCfg = Debug|Any CPU
		{700F559A-E2BC-46D1-BA52-43B48B7FA71C}.Debug|Any CPU.Build.0 = Debug|Any CPU
		{700F559A-E2BC-46D1-BA52-43B48B7FA71C}.Release|Any CPU.ActiveCfg = Release|Any CPU
		{700F559A-E2BC-46D1-BA52-43B48B7FA71C}.Release|Any CPU.Build.0 = Release|Any CPU
		{6493AB7D-FC37-4227-97C0-AADBD52F0DD8}.Debug|Any CPU.ActiveCfg = Debug|Any CPU
		{6493AB7D-FC37-4227-97C0-AADBD52F0DD8}.Debug|Any CPU.Build.0 = Debug|Any CPU
		{6493AB7D-FC37-4227-97C0-AADBD52F0DD8}.Release|Any CPU.ActiveCfg = Release|Any CPU
		{6493AB7D-FC37-4227-97C0-AADBD52F0DD8}.Release|Any CPU.Build.0 = Release|Any CPU
	EndGlobalSection
	GlobalSection(SolutionProperties) = preSolution
		HideSolutionNode = FALSE
	EndGlobalSection
	GlobalSection(ExtensibilityGlobals) = postSolution
		SolutionGuid = {8C8FF8C2-05AE-479B-BF35-02BC0960AE34}
	EndGlobalSection
EndGlobal
